<?xml version="1.0" encoding="utf-8"?>
<Project ToolsVersion="4.0" xmlns="http://schemas.microsoft.com/developer/msbuild/2003">
  <ItemGroup>
    <ClInclude Include="NGP_TermProject.h" />
    <ClInclude Include="Camera.h" />
    <ClInclude Include="Client.h" />
    <ClInclude Include="CMultiSpriteObject.h" />
    <ClInclude Include="d3dx12.h" />
    <ClInclude Include="DDSTextureLoader12.h" />
    <ClInclude Include="error.h" />
    <ClInclude Include="framework.h" />
    <ClInclude Include="GameFramework.h" />
    <ClInclude Include="Mesh.h" />
    <ClInclude Include="Missileobject.h" />
    <ClInclude Include="MissileObjectShader.h" />
    <ClInclude Include="MultiSpriteObject.h" />
    <ClInclude Include="MultiSpriteObjectsShader.h" />
    <ClInclude Include="Shader.h" />
    <ClInclude Include="stdafx.h" />
    <ClInclude Include="targetver.h" />
    <ClInclude Include="Timer.h" />
    <ClInclude Include="UILayer.h" />
    <ClInclude Include="Vertex.h" />
    <ClInclude Include="WICTextureLoader12.h" />
    <ClInclude Include="Object.h" />
    <ClInclude Include="Player.h" />
    <ClInclude Include="Resource.h" />
    <ClInclude Include="Scene.h" />
  </ItemGroup>
  <ItemGroup>
    <ClCompile Include="Camera.cpp" />
    <ClCompile Include="Client.cpp" />
    <ClCompile Include="CMultiSpriteObject.cpp" />
    <ClCompile Include="DDSTextureLoader12.cpp" />
    <ClCompile Include="error.cpp" />
    <ClCompile Include="GameFramework.cpp" />
    <ClCompile Include="Mesh.cpp" />
    <ClCompile Include="Missileobject.cpp" />
    <ClCompile Include="MissileObjectShader.cpp" />
    <ClCompile Include="MultiSpriteObjectsShader.cpp" />
    <ClCompile Include="NGP_TermProject.cpp" />
    <ClCompile Include="stdafx.cpp" />
    <ClCompile Include="Timer.cpp" />
    <ClCompile Include="UILayer.cpp" />
    <ClCompile Include="Vertex.cpp" />
    <ClCompile Include="WICTextureLoader12.cpp" />
    <ClCompile Include="Object.cpp" />
    <ClCompile Include="Player.cpp" />
    <ClCompile Include="Scene.cpp" />
    <ClCompile Include="Shader.cpp" />
  </ItemGroup>
  <ItemGroup>
    <FxCompile Include="Light.hlsl" />
    <FxCompile Include="Shaders.hlsl" />
  </ItemGroup>
</Project>