<?xml version="1.0" encoding="utf-8"?>
<Project ToolsVersion="4.0" xmlns="http://schemas.microsoft.com/developer/msbuild/2003">
  <ItemGroup>
    <Filter Include="소스 파일">
      <UniqueIdentifier>{4FC737F1-C7A5-4376-A066-2A32D752A2FF}</UniqueIdentifier>
      <Extensions>cpp;c;cc;cxx;def;odl;idl;hpj;bat;asm;asmx</Extensions>
    </Filter>
    <Filter Include="헤더 파일">
      <UniqueIdentifier>{93995380-89BD-4b04-88EB-625FBE52EBFB}</UniqueIdentifier>
      <Extensions>h;hh;hpp;hxx;hm;inl;inc;ipp;xsd</Extensions>
    </Filter>
    <Filter Include="리소스 파일">
      <UniqueIdentifier>{67DA6AB6-F800-4c08-8B7A-83BB121AAD01}</UniqueIdentifier>
      <Extensions>rc;ico;cur;bmp;dlg;rc2;rct;bin;rgs;gif;jpg;jpeg;jpe;resx;tiff;tif;png;wav;mfcribbon-ms</Extensions>
    </Filter>
    <Filter Include="TextureLoader">
      <UniqueIdentifier>{aa44dfda-6604-4855-9bed-1f87b3f1d24c}</UniqueIdentifier>
    </Filter>
    <Filter Include="TextureLoader\DDSTextureLoader">
      <UniqueIdentifier>{02f398b6-cb26-4c58-a0b1-53775503d591}</UniqueIdentifier>
    </Filter>
    <Filter Include="TextureLoader\WICTextureLoader">
      <UniqueIdentifier>{5179216b-49d6-4139-ac34-a6c5f5f8094a}</UniqueIdentifier>
    </Filter>
    <Filter Include="Shader">
      <UniqueIdentifier>{d446a25a-0037-4800-b1fd-417940430e91}</UniqueIdentifier>
    </Filter>
    <Filter Include="Shader\HLSL">
      <UniqueIdentifier>{a8657f60-3cef-4eb3-b6d8-042c913c49a2}</UniqueIdentifier>
    </Filter>
    <Filter Include="Shader\MissileObjectShader">
      <UniqueIdentifier>{a494a5e5-e542-4d06-b8f6-ebc8e6bb3517}</UniqueIdentifier>
    </Filter>
    <Filter Include="stdafx">
      <UniqueIdentifier>{eb1a4fe2-a68b-4da8-a0c4-927c0014cdb6}</UniqueIdentifier>
    </Filter>
    <Filter Include="Shader\MultiSpriteObjectsShader">
      <UniqueIdentifier>{24ba0fb5-c2e7-496b-b9e3-a07546e53961}</UniqueIdentifier>
    </Filter>
    <Filter Include="Object">
      <UniqueIdentifier>{8bec6bec-930e-4a01-8e22-da61b44c48d5}</UniqueIdentifier>
    </Filter>
    <Filter Include="Object\MissileObject">
      <UniqueIdentifier>{19280312-46b0-4a40-9efb-19b2806b17b9}</UniqueIdentifier>
    </Filter>
    <Filter Include="Mesh">
      <UniqueIdentifier>{903dc140-465f-4fb8-a61d-7516a338929e}</UniqueIdentifier>
    </Filter>
    <Filter Include="Object\MultiSpriteObject">
      <UniqueIdentifier>{1bcb1e07-8a97-4a33-9783-a8d0341aaef2}</UniqueIdentifier>
    </Filter>
    <Filter Include="Cilent">
      <UniqueIdentifier>{8b2b9824-aa01-4214-887a-3ddc2e801bd5}</UniqueIdentifier>
    </Filter>
    <Filter Include="Cilent\Error">
      <UniqueIdentifier>{1bdefa24-6548-4087-bc68-62e7eb92e2a6}</UniqueIdentifier>
    </Filter>
  </ItemGroup>
  <ItemGroup>
    <ClInclude Include="targetver.h">
      <Filter>헤더 파일</Filter>
    </ClInclude>
    <ClInclude Include="Resource.h">
      <Filter>헤더 파일</Filter>
    </ClInclude>
    <ClInclude Include="LabProject08-0-1.h">
      <Filter>헤더 파일</Filter>
    </ClInclude>
    <ClInclude Include="Camera.h">
      <Filter>헤더 파일</Filter>
    </ClInclude>
    <ClInclude Include="GameFramework.h">
      <Filter>헤더 파일</Filter>
    </ClInclude>
    <ClInclude Include="Player.h">
      <Filter>헤더 파일</Filter>
    </ClInclude>
    <ClInclude Include="Scene.h">
      <Filter>헤더 파일</Filter>
    </ClInclude>
    <ClInclude Include="Shader.h">
      <Filter>헤더 파일</Filter>
    </ClInclude>
    <ClInclude Include="Timer.h">
      <Filter>헤더 파일</Filter>
    </ClInclude>
    <ClInclude Include="Vertex.h">
      <Filter>헤더 파일</Filter>
    </ClInclude>
    <ClInclude Include="DDSTextureLoader12.h">
      <Filter>TextureLoader\DDSTextureLoader</Filter>
    </ClInclude>
    <ClInclude Include="WICTextureLoader12.h">
      <Filter>TextureLoader\WICTextureLoader</Filter>
    </ClInclude>
    <ClInclude Include="MissileObjectShader.h">
      <Filter>Shader\MissileObjectShader</Filter>
    </ClInclude>
    <ClInclude Include="stdafx.h">
      <Filter>stdafx</Filter>
    </ClInclude>
    <ClInclude Include="MultiSpriteObjectsShader.h">
      <Filter>Shader\MultiSpriteObjectsShader</Filter>
    </ClInclude>
    <ClInclude Include="Object.h">
      <Filter>Object</Filter>
    </ClInclude>
    <ClInclude Include="Missileobject.h">
      <Filter>Object\MissileObject</Filter>
    </ClInclude>
    <ClInclude Include="Mesh.h">
      <Filter>Mesh</Filter>
    </ClInclude>
    <ClInclude Include="CMultiSpriteObject.h">
      <Filter>Object\MultiSpriteObject</Filter>
    </ClInclude>
    <ClInclude Include="Client.h">
      <Filter>Cilent</Filter>
    </ClInclude>
    <ClInclude Include="error.h">
      <Filter>Cilent\Error</Filter>
    </ClInclude>
  </ItemGroup>
  <ItemGroup>
    <ClCompile Include="LabProject08-0-1.cpp">
      <Filter>소스 파일</Filter>
    </ClCompile>
    <ClCompile Include="Camera.cpp">
      <Filter>소스 파일</Filter>
    </ClCompile>
    <ClCompile Include="GameFramework.cpp">
      <Filter>소스 파일</Filter>
    </ClCompile>
    <ClCompile Include="Player.cpp">
      <Filter>소스 파일</Filter>
    </ClCompile>
    <ClCompile Include="Scene.cpp">
      <Filter>소스 파일</Filter>
    </ClCompile>
    <ClCompile Include="Timer.cpp">
      <Filter>소스 파일</Filter>
    </ClCompile>
    <ClCompile Include="Vertex.cpp">
      <Filter>소스 파일</Filter>
    </ClCompile>
    <ClCompile Include="DDSTextureLoader12.cpp">
      <Filter>TextureLoader\DDSTextureLoader</Filter>
    </ClCompile>
    <ClCompile Include="WICTextureLoader12.cpp">
      <Filter>TextureLoader\WICTextureLoader</Filter>
    </ClCompile>
    <ClCompile Include="MissileObjectShader.cpp">
      <Filter>Shader\MissileObjectShader</Filter>
    </ClCompile>
    <ClCompile Include="Shader.cpp">
      <Filter>Shader</Filter>
    </ClCompile>
    <ClCompile Include="stdafx.cpp">
      <Filter>stdafx</Filter>
    </ClCompile>
    <ClCompile Include="MultiSpriteObjectsShader.cpp">
      <Filter>Shader\MultiSpriteObjectsShader</Filter>
    </ClCompile>
    <ClCompile Include="Object.cpp">
      <Filter>Object</Filter>
    </ClCompile>
    <ClCompile Include="Missileobject.cpp">
      <Filter>Object\MissileObject</Filter>
    </ClCompile>
    <ClCompile Include="Mesh.cpp">
      <Filter>Mesh</Filter>
    </ClCompile>
    <ClCompile Include="CMultiSpriteObject.cpp">
      <Filter>Object\MultiSpriteObject</Filter>
    </ClCompile>
    <ClCompile Include="Client.cpp">
      <Filter>Cilent</Filter>
    </ClCompile>
    <ClCompile Include="error.cpp">
      <Filter>Cilent\Error</Filter>
    </ClCompile>
  </ItemGroup>
  <ItemGroup>
    <ResourceCompile Include="LabProject08-0-1.rc">
      <Filter>리소스 파일</Filter>
    </ResourceCompile>
  </ItemGroup>
  <ItemGroup>
    <Image Include="small.ico">
      <Filter>리소스 파일</Filter>
    </Image>
    <Image Include="LabProject08-0-1.ico">
      <Filter>리소스 파일</Filter>
    </Image>
  </ItemGroup>
  <ItemGroup>
    <FxCompile Include="Shaders.hlsl">
      <Filter>Shader\HLSL</Filter>
    </FxCompile>
    <FxCompile Include="Light.hlsl">
      <Filter>Shader\HLSL</Filter>
    </FxCompile>
  </ItemGroup>
</Project>