<?xml version="1.0" encoding="utf-8"?>
<Project ToolsVersion="4.0" xmlns="http://schemas.microsoft.com/developer/msbuild/2003">
  <ItemGroup>
    <ClCompile Include="..\..\..\NetGameTermProject\NGP_TermProject\Server\GameObject.cpp" />
    <ClCompile Include="..\..\..\NetGameTermProject\NGP_TermProject\Server\GameObjectMgr.cpp" />
    <ClCompile Include="..\..\..\NetGameTermProject\NGP_TermProject\Server\Server.cpp" />
  </ItemGroup>
  <ItemGroup>
    <ClInclude Include="..\..\..\NetGameTermProject\NGP_TermProject\Server\GameObject.h" />
    <ClInclude Include="..\..\..\NetGameTermProject\NGP_TermProject\Server\GameObjectMgr.h" />
    <ClInclude Include="..\..\..\NetGameTermProject\NGP_TermProject\Server\SCPacket.h" />
    <ClInclude Include="..\..\..\NetGameTermProject\NGP_TermProject\Server\Server.h" />
    <ClInclude Include="..\..\..\NetGameTermProject\NGP_TermProject\Server\Socket.h" />
    <ClInclude Include="..\..\..\NetGameTermProject\NGP_TermProject\Server\stdafx.h" />
  </ItemGroup>
</Project>